
Microsoft Visual Studio Solution File, Format Version 12.00
# Visual Studio 14
VisualStudioVersion = 14.0.25420.1
MinimumVisualStudioVersion = 10.0.40219.1
Project("{FAE04EC0-301F-11D3-BF4B-00C04F79EFBC}") = "Ryan", "Ryan\Ryan.csproj", "{44BE207E-B868-43D3-8452-2F42C19750A0}"
EndProject
Project("{FAE04EC0-301F-11D3-BF4B-00C04F79EFBC}") = "Ryan.LinqStuff", "Ryan.LinqStuff\Ryan.LinqStuff.csproj", "{6C22FBFD-21D3-4ABF-B999-D96B876DC0FD}"
EndProject
Project("{FAE04EC0-301F-11D3-BF4B-00C04F79EFBC}") = "Ryan.Reflection", "Ryan.Reflection\Ryan.Reflection.csproj", "{42FFABC2-17EB-4A28-8400-CF1CAEBA5ED6}"
EndProject
Project("{FAE04EC0-301F-11D3-BF4B-00C04F79EFBC}") = "Ryan.CssLayout", "Ryan.CssLayout\Ryan.CssLayout.csproj", "{E8513101-2D5F-4A43-A14A-C379B0869656}"
EndProject
Project("{FAE04EC0-301F-11D3-BF4B-00C04F79EFBC}") = "Ryan.Delegates", "Ryan.Delegates\Ryan.Delegates.csproj", "{0A7A2FE0-0948-43BA-A18E-A769273D3584}"
EndProject
Project("{FAE04EC0-301F-11D3-BF4B-00C04F79EFBC}") = "Ryan.General", "Ryan.General\Ryan.General.csproj", "{284C3660-FE7D-489E-B533-A7A0F6F0DFC7}"
EndProject
Project("{FAE04EC0-301F-11D3-BF4B-00C04F79EFBC}") = "Ryan.Maps", "Ryan.Maps\Ryan.Maps.csproj", "{49990938-D0CB-4F9F-82B9-5454AA37FD7F}"
EndProject
Project("{FAE04EC0-301F-11D3-BF4B-00C04F79EFBC}") = "Ryan.LessTest", "Ryan.LessTest\Ryan.LessTest.csproj", "{5F5D0D5D-8F48-4194-8E75-C5E278BD6A1F}"
EndProject
Project("{FAE04EC0-301F-11D3-BF4B-00C04F79EFBC}") = "Ryan.GoodCodingRules", "Ryan.GoodCodingRules\Ryan.GoodCodingRules.csproj", "{10B1E81B-5A35-4FE8-B024-69DC956B2AE5}"
EndProject
Project("{FAE04EC0-301F-11D3-BF4B-00C04F79EFBC}") = "Ryan.GoodTesting", "Ryan.GoodTesting\Ryan.GoodTesting.csproj", "{D258E9AB-F1FC-4B31-B420-55EE6714C330}"
EndProject
Project("{FAE04EC0-301F-11D3-BF4B-00C04F79EFBC}") = "Ryan.Generics", "Ryan.Generics\Ryan.Generics.csproj", "{05A0F4AA-C475-4DDE-960D-54D6DA79DECA}"
EndProject
Project("{FAE04EC0-301F-11D3-BF4B-00C04F79EFBC}") = "Ryan.AngularJS", "Ryan.AngularJS\Ryan.AngularJS.csproj", "{AE424023-3F67-457D-9576-A418AB86E12E}"
EndProject
Project("{FAE04EC0-301F-11D3-BF4B-00C04F79EFBC}") = "Ryan.WebAPI", "Ryan.WebAPI\Ryan.WebAPI.csproj", "{4280DA89-08F6-4DC0-9BE8-F75C49E80E34}"
EndProject
Project("{FAE04EC0-301F-11D3-BF4B-00C04F79EFBC}") = "Ryan.FusionTables", "Ryan.FusionTables\Ryan.FusionTables.csproj", "{7AC7E5E6-BFD5-4F8B-9031-9DCEE27541E4}"
EndProject
Project("{FAE04EC0-301F-11D3-BF4B-00C04F79EFBC}") = "Ryan.DragAndDrop", "Ryan.DragAndDrop\Ryan.DragAndDrop.csproj", "{DD929B45-7A88-4C6B-A49B-A649AB2DB6DF}"
EndProject
Project("{FAE04EC0-301F-11D3-BF4B-00C04F79EFBC}") = "Ryan.AddressUtility", "Ryan.AddressUtility\Ryan.AddressUtility.csproj", "{2CA5211B-BD90-4F45-AC02-9FBD24061E24}"
EndProject
Project("{FAE04EC0-301F-11D3-BF4B-00C04F79EFBC}") = "Ryan.Header", "Ryan.Header\Ryan.Header.csproj", "{482C1F74-9703-47D6-B748-3C806D247590}"
EndProject
Project("{FAE04EC0-301F-11D3-BF4B-00C04F79EFBC}") = "Ryan.Maps.Win", "Ryan.Maps.Win\Ryan.Maps.Win.csproj", "{68225082-8E1E-497B-B20F-4A0E747CE180}"
EndProject
Project("{FAE04EC0-301F-11D3-BF4B-00C04F79EFBC}") = "Ryan.AddressUtility.MSLocation", "Ryan.AddressUtility.MSLocation\Ryan.AddressUtility.MSLocation.csproj", "{4667452E-9FC9-49E7-9AA1-BB02173B3032}"
EndProject
Global
	GlobalSection(SolutionConfigurationPlatforms) = preSolution
		Debug|Any CPU = Debug|Any CPU
		Debug|ARM = Debug|ARM
		Debug|x64 = Debug|x64
		Debug|x86 = Debug|x86
		Release|Any CPU = Release|Any CPU
		Release|ARM = Release|ARM
		Release|x64 = Release|x64
		Release|x86 = Release|x86
	EndGlobalSection
	GlobalSection(ProjectConfigurationPlatforms) = postSolution
		{44BE207E-B868-43D3-8452-2F42C19750A0}.Debug|Any CPU.ActiveCfg = Debug|Any CPU
		{44BE207E-B868-43D3-8452-2F42C19750A0}.Debug|Any CPU.Build.0 = Debug|Any CPU
		{44BE207E-B868-43D3-8452-2F42C19750A0}.Debug|ARM.ActiveCfg = Debug|Any CPU
		{44BE207E-B868-43D3-8452-2F42C19750A0}.Debug|ARM.Build.0 = Debug|Any CPU
		{44BE207E-B868-43D3-8452-2F42C19750A0}.Debug|x64.ActiveCfg = Debug|Any CPU
		{44BE207E-B868-43D3-8452-2F42C19750A0}.Debug|x64.Build.0 = Debug|Any CPU
		{44BE207E-B868-43D3-8452-2F42C19750A0}.Debug|x86.ActiveCfg = Debug|Any CPU
		{44BE207E-B868-43D3-8452-2F42C19750A0}.Debug|x86.Build.0 = Debug|Any CPU
		{44BE207E-B868-43D3-8452-2F42C19750A0}.Release|Any CPU.ActiveCfg = Release|Any CPU
		{44BE207E-B868-43D3-8452-2F42C19750A0}.Release|Any CPU.Build.0 = Release|Any CPU
		{44BE207E-B868-43D3-8452-2F42C19750A0}.Release|ARM.ActiveCfg = Release|Any CPU
		{44BE207E-B868-43D3-8452-2F42C19750A0}.Release|ARM.Build.0 = Release|Any CPU
		{44BE207E-B868-43D3-8452-2F42C19750A0}.Release|x64.ActiveCfg = Release|Any CPU
		{44BE207E-B868-43D3-8452-2F42C19750A0}.Release|x64.Build.0 = Release|Any CPU
		{44BE207E-B868-43D3-8452-2F42C19750A0}.Release|x86.ActiveCfg = Release|Any CPU
		{44BE207E-B868-43D3-8452-2F42C19750A0}.Release|x86.Build.0 = Release|Any CPU
		{6C22FBFD-21D3-4ABF-B999-D96B876DC0FD}.Debug|Any CPU.ActiveCfg = Debug|Any CPU
		{6C22FBFD-21D3-4ABF-B999-D96B876DC0FD}.Debug|Any CPU.Build.0 = Debug|Any CPU
		{6C22FBFD-21D3-4ABF-B999-D96B876DC0FD}.Debug|ARM.ActiveCfg = Debug|Any CPU
		{6C22FBFD-21D3-4ABF-B999-D96B876DC0FD}.Debug|ARM.Build.0 = Debug|Any CPU
		{6C22FBFD-21D3-4ABF-B999-D96B876DC0FD}.Debug|x64.ActiveCfg = Debug|Any CPU
		{6C22FBFD-21D3-4ABF-B999-D96B876DC0FD}.Debug|x64.Build.0 = Debug|Any CPU
		{6C22FBFD-21D3-4ABF-B999-D96B876DC0FD}.Debug|x86.ActiveCfg = Debug|Any CPU
		{6C22FBFD-21D3-4ABF-B999-D96B876DC0FD}.Debug|x86.Build.0 = Debug|Any CPU
		{6C22FBFD-21D3-4ABF-B999-D96B876DC0FD}.Release|Any CPU.ActiveCfg = Release|Any CPU
		{6C22FBFD-21D3-4ABF-B999-D96B876DC0FD}.Release|Any CPU.Build.0 = Release|Any CPU
		{6C22FBFD-21D3-4ABF-B999-D96B876DC0FD}.Release|ARM.ActiveCfg = Release|Any CPU
		{6C22FBFD-21D3-4ABF-B999-D96B876DC0FD}.Release|ARM.Build.0 = Release|Any CPU
		{6C22FBFD-21D3-4ABF-B999-D96B876DC0FD}.Release|x64.ActiveCfg = Release|Any CPU
		{6C22FBFD-21D3-4ABF-B999-D96B876DC0FD}.Release|x64.Build.0 = Release|Any CPU
		{6C22FBFD-21D3-4ABF-B999-D96B876DC0FD}.Release|x86.ActiveCfg = Release|Any CPU
		{6C22FBFD-21D3-4ABF-B999-D96B876DC0FD}.Release|x86.Build.0 = Release|Any CPU
		{42FFABC2-17EB-4A28-8400-CF1CAEBA5ED6}.Debug|Any CPU.ActiveCfg = Debug|Any CPU
		{42FFABC2-17EB-4A28-8400-CF1CAEBA5ED6}.Debug|Any CPU.Build.0 = Debug|Any CPU
		{42FFABC2-17EB-4A28-8400-CF1CAEBA5ED6}.Debug|ARM.ActiveCfg = Debug|Any CPU
		{42FFABC2-17EB-4A28-8400-CF1CAEBA5ED6}.Debug|ARM.Build.0 = Debug|Any CPU
		{42FFABC2-17EB-4A28-8400-CF1CAEBA5ED6}.Debug|x64.ActiveCfg = Debug|Any CPU
		{42FFABC2-17EB-4A28-8400-CF1CAEBA5ED6}.Debug|x64.Build.0 = Debug|Any CPU
		{42FFABC2-17EB-4A28-8400-CF1CAEBA5ED6}.Debug|x86.ActiveCfg = Debug|Any CPU
		{42FFABC2-17EB-4A28-8400-CF1CAEBA5ED6}.Debug|x86.Build.0 = Debug|Any CPU
		{42FFABC2-17EB-4A28-8400-CF1CAEBA5ED6}.Release|Any CPU.ActiveCfg = Release|Any CPU
		{42FFABC2-17EB-4A28-8400-CF1CAEBA5ED6}.Release|Any CPU.Build.0 = Release|Any CPU
		{42FFABC2-17EB-4A28-8400-CF1CAEBA5ED6}.Release|ARM.ActiveCfg = Release|Any CPU
		{42FFABC2-17EB-4A28-8400-CF1CAEBA5ED6}.Release|ARM.Build.0 = Release|Any CPU
		{42FFABC2-17EB-4A28-8400-CF1CAEBA5ED6}.Release|x64.ActiveCfg = Release|Any CPU
		{42FFABC2-17EB-4A28-8400-CF1CAEBA5ED6}.Release|x64.Build.0 = Release|Any CPU
		{42FFABC2-17EB-4A28-8400-CF1CAEBA5ED6}.Release|x86.ActiveCfg = Release|Any CPU
		{42FFABC2-17EB-4A28-8400-CF1CAEBA5ED6}.Release|x86.Build.0 = Release|Any CPU
		{E8513101-2D5F-4A43-A14A-C379B0869656}.Debug|Any CPU.ActiveCfg = Debug|Any CPU
		{E8513101-2D5F-4A43-A14A-C379B0869656}.Debug|Any CPU.Build.0 = Debug|Any CPU
		{E8513101-2D5F-4A43-A14A-C379B0869656}.Debug|ARM.ActiveCfg = Debug|Any CPU
		{E8513101-2D5F-4A43-A14A-C379B0869656}.Debug|ARM.Build.0 = Debug|Any CPU
		{E8513101-2D5F-4A43-A14A-C379B0869656}.Debug|x64.ActiveCfg = Debug|Any CPU
		{E8513101-2D5F-4A43-A14A-C379B0869656}.Debug|x64.Build.0 = Debug|Any CPU
		{E8513101-2D5F-4A43-A14A-C379B0869656}.Debug|x86.ActiveCfg = Debug|Any CPU
		{E8513101-2D5F-4A43-A14A-C379B0869656}.Debug|x86.Build.0 = Debug|Any CPU
		{E8513101-2D5F-4A43-A14A-C379B0869656}.Release|Any CPU.ActiveCfg = Release|Any CPU
		{E8513101-2D5F-4A43-A14A-C379B0869656}.Release|Any CPU.Build.0 = Release|Any CPU
		{E8513101-2D5F-4A43-A14A-C379B0869656}.Release|ARM.ActiveCfg = Release|Any CPU
		{E8513101-2D5F-4A43-A14A-C379B0869656}.Release|ARM.Build.0 = Release|Any CPU
		{E8513101-2D5F-4A43-A14A-C379B0869656}.Release|x64.ActiveCfg = Release|Any CPU
		{E8513101-2D5F-4A43-A14A-C379B0869656}.Release|x64.Build.0 = Release|Any CPU
		{E8513101-2D5F-4A43-A14A-C379B0869656}.Release|x86.ActiveCfg = Release|Any CPU
		{E8513101-2D5F-4A43-A14A-C379B0869656}.Release|x86.Build.0 = Release|Any CPU
		{0A7A2FE0-0948-43BA-A18E-A769273D3584}.Debug|Any CPU.ActiveCfg = Debug|Any CPU
		{0A7A2FE0-0948-43BA-A18E-A769273D3584}.Debug|Any CPU.Build.0 = Debug|Any CPU
		{0A7A2FE0-0948-43BA-A18E-A769273D3584}.Debug|ARM.ActiveCfg = Debug|Any CPU
		{0A7A2FE0-0948-43BA-A18E-A769273D3584}.Debug|ARM.Build.0 = Debug|Any CPU
		{0A7A2FE0-0948-43BA-A18E-A769273D3584}.Debug|x64.ActiveCfg = Debug|Any CPU
		{0A7A2FE0-0948-43BA-A18E-A769273D3584}.Debug|x64.Build.0 = Debug|Any CPU
		{0A7A2FE0-0948-43BA-A18E-A769273D3584}.Debug|x86.ActiveCfg = Debug|Any CPU
		{0A7A2FE0-0948-43BA-A18E-A769273D3584}.Debug|x86.Build.0 = Debug|Any CPU
		{0A7A2FE0-0948-43BA-A18E-A769273D3584}.Release|Any CPU.ActiveCfg = Release|Any CPU
		{0A7A2FE0-0948-43BA-A18E-A769273D3584}.Release|Any CPU.Build.0 = Release|Any CPU
		{0A7A2FE0-0948-43BA-A18E-A769273D3584}.Release|ARM.ActiveCfg = Release|Any CPU
		{0A7A2FE0-0948-43BA-A18E-A769273D3584}.Release|ARM.Build.0 = Release|Any CPU
		{0A7A2FE0-0948-43BA-A18E-A769273D3584}.Release|x64.ActiveCfg = Release|Any CPU
		{0A7A2FE0-0948-43BA-A18E-A769273D3584}.Release|x64.Build.0 = Release|Any CPU
		{0A7A2FE0-0948-43BA-A18E-A769273D3584}.Release|x86.ActiveCfg = Release|Any CPU
		{0A7A2FE0-0948-43BA-A18E-A769273D3584}.Release|x86.Build.0 = Release|Any CPU
		{284C3660-FE7D-489E-B533-A7A0F6F0DFC7}.Debug|Any CPU.ActiveCfg = Debug|Any CPU
		{284C3660-FE7D-489E-B533-A7A0F6F0DFC7}.Debug|Any CPU.Build.0 = Debug|Any CPU
		{284C3660-FE7D-489E-B533-A7A0F6F0DFC7}.Debug|ARM.ActiveCfg = Debug|Any CPU
		{284C3660-FE7D-489E-B533-A7A0F6F0DFC7}.Debug|ARM.Build.0 = Debug|Any CPU
		{284C3660-FE7D-489E-B533-A7A0F6F0DFC7}.Debug|x64.ActiveCfg = Debug|Any CPU
		{284C3660-FE7D-489E-B533-A7A0F6F0DFC7}.Debug|x64.Build.0 = Debug|Any CPU
		{284C3660-FE7D-489E-B533-A7A0F6F0DFC7}.Debug|x86.ActiveCfg = Debug|Any CPU
		{284C3660-FE7D-489E-B533-A7A0F6F0DFC7}.Debug|x86.Build.0 = Debug|Any CPU
		{284C3660-FE7D-489E-B533-A7A0F6F0DFC7}.Release|Any CPU.ActiveCfg = Release|Any CPU
		{284C3660-FE7D-489E-B533-A7A0F6F0DFC7}.Release|Any CPU.Build.0 = Release|Any CPU
		{284C3660-FE7D-489E-B533-A7A0F6F0DFC7}.Release|ARM.ActiveCfg = Release|Any CPU
		{284C3660-FE7D-489E-B533-A7A0F6F0DFC7}.Release|ARM.Build.0 = Release|Any CPU
		{284C3660-FE7D-489E-B533-A7A0F6F0DFC7}.Release|x64.ActiveCfg = Release|Any CPU
		{284C3660-FE7D-489E-B533-A7A0F6F0DFC7}.Release|x64.Build.0 = Release|Any CPU
		{284C3660-FE7D-489E-B533-A7A0F6F0DFC7}.Release|x86.ActiveCfg = Release|Any CPU
		{284C3660-FE7D-489E-B533-A7A0F6F0DFC7}.Release|x86.Build.0 = Release|Any CPU
		{49990938-D0CB-4F9F-82B9-5454AA37FD7F}.Debug|Any CPU.ActiveCfg = Debug|Any CPU
		{49990938-D0CB-4F9F-82B9-5454AA37FD7F}.Debug|Any CPU.Build.0 = Debug|Any CPU
		{49990938-D0CB-4F9F-82B9-5454AA37FD7F}.Debug|ARM.ActiveCfg = Debug|Any CPU
		{49990938-D0CB-4F9F-82B9-5454AA37FD7F}.Debug|ARM.Build.0 = Debug|Any CPU
		{49990938-D0CB-4F9F-82B9-5454AA37FD7F}.Debug|x64.ActiveCfg = Debug|Any CPU
		{49990938-D0CB-4F9F-82B9-5454AA37FD7F}.Debug|x64.Build.0 = Debug|Any CPU
		{49990938-D0CB-4F9F-82B9-5454AA37FD7F}.Debug|x86.ActiveCfg = Debug|Any CPU
		{49990938-D0CB-4F9F-82B9-5454AA37FD7F}.Debug|x86.Build.0 = Debug|Any CPU
		{49990938-D0CB-4F9F-82B9-5454AA37FD7F}.Release|Any CPU.ActiveCfg = Release|Any CPU
		{49990938-D0CB-4F9F-82B9-5454AA37FD7F}.Release|Any CPU.Build.0 = Release|Any CPU
		{49990938-D0CB-4F9F-82B9-5454AA37FD7F}.Release|ARM.ActiveCfg = Release|Any CPU
		{49990938-D0CB-4F9F-82B9-5454AA37FD7F}.Release|ARM.Build.0 = Release|Any CPU
		{49990938-D0CB-4F9F-82B9-5454AA37FD7F}.Release|x64.ActiveCfg = Release|Any CPU
		{49990938-D0CB-4F9F-82B9-5454AA37FD7F}.Release|x64.Build.0 = Release|Any CPU
		{49990938-D0CB-4F9F-82B9-5454AA37FD7F}.Release|x86.ActiveCfg = Release|Any CPU
		{49990938-D0CB-4F9F-82B9-5454AA37FD7F}.Release|x86.Build.0 = Release|Any CPU
		{5F5D0D5D-8F48-4194-8E75-C5E278BD6A1F}.Debug|Any CPU.ActiveCfg = Debug|Any CPU
		{5F5D0D5D-8F48-4194-8E75-C5E278BD6A1F}.Debug|Any CPU.Build.0 = Debug|Any CPU
		{5F5D0D5D-8F48-4194-8E75-C5E278BD6A1F}.Debug|ARM.ActiveCfg = Debug|Any CPU
		{5F5D0D5D-8F48-4194-8E75-C5E278BD6A1F}.Debug|ARM.Build.0 = Debug|Any CPU
		{5F5D0D5D-8F48-4194-8E75-C5E278BD6A1F}.Debug|x64.ActiveCfg = Debug|Any CPU
		{5F5D0D5D-8F48-4194-8E75-C5E278BD6A1F}.Debug|x64.Build.0 = Debug|Any CPU
		{5F5D0D5D-8F48-4194-8E75-C5E278BD6A1F}.Debug|x86.ActiveCfg = Debug|Any CPU
		{5F5D0D5D-8F48-4194-8E75-C5E278BD6A1F}.Debug|x86.Build.0 = Debug|Any CPU
		{5F5D0D5D-8F48-4194-8E75-C5E278BD6A1F}.Release|Any CPU.ActiveCfg = Release|Any CPU
		{5F5D0D5D-8F48-4194-8E75-C5E278BD6A1F}.Release|Any CPU.Build.0 = Release|Any CPU
		{5F5D0D5D-8F48-4194-8E75-C5E278BD6A1F}.Release|ARM.ActiveCfg = Release|Any CPU
		{5F5D0D5D-8F48-4194-8E75-C5E278BD6A1F}.Release|ARM.Build.0 = Release|Any CPU
		{5F5D0D5D-8F48-4194-8E75-C5E278BD6A1F}.Release|x64.ActiveCfg = Release|Any CPU
		{5F5D0D5D-8F48-4194-8E75-C5E278BD6A1F}.Release|x64.Build.0 = Release|Any CPU
		{5F5D0D5D-8F48-4194-8E75-C5E278BD6A1F}.Release|x86.ActiveCfg = Release|Any CPU
		{5F5D0D5D-8F48-4194-8E75-C5E278BD6A1F}.Release|x86.Build.0 = Release|Any CPU
		{10B1E81B-5A35-4FE8-B024-69DC956B2AE5}.Debug|Any CPU.ActiveCfg = Debug|Any CPU
		{10B1E81B-5A35-4FE8-B024-69DC956B2AE5}.Debug|Any CPU.Build.0 = Debug|Any CPU
		{10B1E81B-5A35-4FE8-B024-69DC956B2AE5}.Debug|ARM.ActiveCfg = Debug|Any CPU
		{10B1E81B-5A35-4FE8-B024-69DC956B2AE5}.Debug|ARM.Build.0 = Debug|Any CPU
		{10B1E81B-5A35-4FE8-B024-69DC956B2AE5}.Debug|x64.ActiveCfg = Debug|Any CPU
		{10B1E81B-5A35-4FE8-B024-69DC956B2AE5}.Debug|x64.Build.0 = Debug|Any CPU
		{10B1E81B-5A35-4FE8-B024-69DC956B2AE5}.Debug|x86.ActiveCfg = Debug|Any CPU
		{10B1E81B-5A35-4FE8-B024-69DC956B2AE5}.Debug|x86.Build.0 = Debug|Any CPU
		{10B1E81B-5A35-4FE8-B024-69DC956B2AE5}.Release|Any CPU.ActiveCfg = Release|Any CPU
		{10B1E81B-5A35-4FE8-B024-69DC956B2AE5}.Release|Any CPU.Build.0 = Release|Any CPU
		{10B1E81B-5A35-4FE8-B024-69DC956B2AE5}.Release|ARM.ActiveCfg = Release|Any CPU
		{10B1E81B-5A35-4FE8-B024-69DC956B2AE5}.Release|ARM.Build.0 = Release|Any CPU
		{10B1E81B-5A35-4FE8-B024-69DC956B2AE5}.Release|x64.ActiveCfg = Release|Any CPU
		{10B1E81B-5A35-4FE8-B024-69DC956B2AE5}.Release|x64.Build.0 = Release|Any CPU
		{10B1E81B-5A35-4FE8-B024-69DC956B2AE5}.Release|x86.ActiveCfg = Release|Any CPU
		{10B1E81B-5A35-4FE8-B024-69DC956B2AE5}.Release|x86.Build.0 = Release|Any CPU
		{D258E9AB-F1FC-4B31-B420-55EE6714C330}.Debug|Any CPU.ActiveCfg = Debug|Any CPU
		{D258E9AB-F1FC-4B31-B420-55EE6714C330}.Debug|Any CPU.Build.0 = Debug|Any CPU
		{D258E9AB-F1FC-4B31-B420-55EE6714C330}.Debug|ARM.ActiveCfg = Debug|Any CPU
		{D258E9AB-F1FC-4B31-B420-55EE6714C330}.Debug|ARM.Build.0 = Debug|Any CPU
		{D258E9AB-F1FC-4B31-B420-55EE6714C330}.Debug|x64.ActiveCfg = Debug|Any CPU
		{D258E9AB-F1FC-4B31-B420-55EE6714C330}.Debug|x64.Build.0 = Debug|Any CPU
		{D258E9AB-F1FC-4B31-B420-55EE6714C330}.Debug|x86.ActiveCfg = Debug|Any CPU
		{D258E9AB-F1FC-4B31-B420-55EE6714C330}.Debug|x86.Build.0 = Debug|Any CPU
		{D258E9AB-F1FC-4B31-B420-55EE6714C330}.Release|Any CPU.ActiveCfg = Release|Any CPU
		{D258E9AB-F1FC-4B31-B420-55EE6714C330}.Release|Any CPU.Build.0 = Release|Any CPU
		{D258E9AB-F1FC-4B31-B420-55EE6714C330}.Release|ARM.ActiveCfg = Release|Any CPU
		{D258E9AB-F1FC-4B31-B420-55EE6714C330}.Release|ARM.Build.0 = Release|Any CPU
		{D258E9AB-F1FC-4B31-B420-55EE6714C330}.Release|x64.ActiveCfg = Release|Any CPU
		{D258E9AB-F1FC-4B31-B420-55EE6714C330}.Release|x64.Build.0 = Release|Any CPU
		{D258E9AB-F1FC-4B31-B420-55EE6714C330}.Release|x86.ActiveCfg = Release|Any CPU
		{D258E9AB-F1FC-4B31-B420-55EE6714C330}.Release|x86.Build.0 = Release|Any CPU
		{05A0F4AA-C475-4DDE-960D-54D6DA79DECA}.Debug|Any CPU.ActiveCfg = Debug|Any CPU
		{05A0F4AA-C475-4DDE-960D-54D6DA79DECA}.Debug|Any CPU.Build.0 = Debug|Any CPU
		{05A0F4AA-C475-4DDE-960D-54D6DA79DECA}.Debug|ARM.ActiveCfg = Debug|Any CPU
		{05A0F4AA-C475-4DDE-960D-54D6DA79DECA}.Debug|ARM.Build.0 = Debug|Any CPU
		{05A0F4AA-C475-4DDE-960D-54D6DA79DECA}.Debug|x64.ActiveCfg = Debug|Any CPU
		{05A0F4AA-C475-4DDE-960D-54D6DA79DECA}.Debug|x64.Build.0 = Debug|Any CPU
		{05A0F4AA-C475-4DDE-960D-54D6DA79DECA}.Debug|x86.ActiveCfg = Debug|Any CPU
		{05A0F4AA-C475-4DDE-960D-54D6DA79DECA}.Debug|x86.Build.0 = Debug|Any CPU
		{05A0F4AA-C475-4DDE-960D-54D6DA79DECA}.Release|Any CPU.ActiveCfg = Release|Any CPU
		{05A0F4AA-C475-4DDE-960D-54D6DA79DECA}.Release|Any CPU.Build.0 = Release|Any CPU
		{05A0F4AA-C475-4DDE-960D-54D6DA79DECA}.Release|ARM.ActiveCfg = Release|Any CPU
		{05A0F4AA-C475-4DDE-960D-54D6DA79DECA}.Release|ARM.Build.0 = Release|Any CPU
		{05A0F4AA-C475-4DDE-960D-54D6DA79DECA}.Release|x64.ActiveCfg = Release|Any CPU
		{05A0F4AA-C475-4DDE-960D-54D6DA79DECA}.Release|x64.Build.0 = Release|Any CPU
		{05A0F4AA-C475-4DDE-960D-54D6DA79DECA}.Release|x86.ActiveCfg = Release|Any CPU
		{05A0F4AA-C475-4DDE-960D-54D6DA79DECA}.Release|x86.Build.0 = Release|Any CPU
		{AE424023-3F67-457D-9576-A418AB86E12E}.Debug|Any CPU.ActiveCfg = Debug|Any CPU
		{AE424023-3F67-457D-9576-A418AB86E12E}.Debug|Any CPU.Build.0 = Debug|Any CPU
		{AE424023-3F67-457D-9576-A418AB86E12E}.Debug|ARM.ActiveCfg = Debug|Any CPU
		{AE424023-3F67-457D-9576-A418AB86E12E}.Debug|ARM.Build.0 = Debug|Any CPU
		{AE424023-3F67-457D-9576-A418AB86E12E}.Debug|x64.ActiveCfg = Debug|Any CPU
		{AE424023-3F67-457D-9576-A418AB86E12E}.Debug|x64.Build.0 = Debug|Any CPU
		{AE424023-3F67-457D-9576-A418AB86E12E}.Debug|x86.ActiveCfg = Debug|Any CPU
		{AE424023-3F67-457D-9576-A418AB86E12E}.Debug|x86.Build.0 = Debug|Any CPU
		{AE424023-3F67-457D-9576-A418AB86E12E}.Release|Any CPU.ActiveCfg = Release|Any CPU
		{AE424023-3F67-457D-9576-A418AB86E12E}.Release|Any CPU.Build.0 = Release|Any CPU
		{AE424023-3F67-457D-9576-A418AB86E12E}.Release|ARM.ActiveCfg = Release|Any CPU
		{AE424023-3F67-457D-9576-A418AB86E12E}.Release|ARM.Build.0 = Release|Any CPU
		{AE424023-3F67-457D-9576-A418AB86E12E}.Release|x64.ActiveCfg = Release|Any CPU
		{AE424023-3F67-457D-9576-A418AB86E12E}.Release|x64.Build.0 = Release|Any CPU
		{AE424023-3F67-457D-9576-A418AB86E12E}.Release|x86.ActiveCfg = Release|Any CPU
		{AE424023-3F67-457D-9576-A418AB86E12E}.Release|x86.Build.0 = Release|Any CPU
		{4280DA89-08F6-4DC0-9BE8-F75C49E80E34}.Debug|Any CPU.ActiveCfg = Debug|Any CPU
		{4280DA89-08F6-4DC0-9BE8-F75C49E80E34}.Debug|Any CPU.Build.0 = Debug|Any CPU
		{4280DA89-08F6-4DC0-9BE8-F75C49E80E34}.Debug|ARM.ActiveCfg = Debug|Any CPU
		{4280DA89-08F6-4DC0-9BE8-F75C49E80E34}.Debug|ARM.Build.0 = Debug|Any CPU
		{4280DA89-08F6-4DC0-9BE8-F75C49E80E34}.Debug|x64.ActiveCfg = Debug|Any CPU
		{4280DA89-08F6-4DC0-9BE8-F75C49E80E34}.Debug|x64.Build.0 = Debug|Any CPU
		{4280DA89-08F6-4DC0-9BE8-F75C49E80E34}.Debug|x86.ActiveCfg = Debug|Any CPU
		{4280DA89-08F6-4DC0-9BE8-F75C49E80E34}.Debug|x86.Build.0 = Debug|Any CPU
		{4280DA89-08F6-4DC0-9BE8-F75C49E80E34}.Release|Any CPU.ActiveCfg = Release|Any CPU
		{4280DA89-08F6-4DC0-9BE8-F75C49E80E34}.Release|Any CPU.Build.0 = Release|Any CPU
		{4280DA89-08F6-4DC0-9BE8-F75C49E80E34}.Release|ARM.ActiveCfg = Release|Any CPU
		{4280DA89-08F6-4DC0-9BE8-F75C49E80E34}.Release|ARM.Build.0 = Release|Any CPU
		{4280DA89-08F6-4DC0-9BE8-F75C49E80E34}.Release|x64.ActiveCfg = Release|Any CPU
		{4280DA89-08F6-4DC0-9BE8-F75C49E80E34}.Release|x64.Build.0 = Release|Any CPU
		{4280DA89-08F6-4DC0-9BE8-F75C49E80E34}.Release|x86.ActiveCfg = Release|Any CPU
		{4280DA89-08F6-4DC0-9BE8-F75C49E80E34}.Release|x86.Build.0 = Release|Any CPU
		{7AC7E5E6-BFD5-4F8B-9031-9DCEE27541E4}.Debug|Any CPU.ActiveCfg = Debug|Any CPU
		{7AC7E5E6-BFD5-4F8B-9031-9DCEE27541E4}.Debug|Any CPU.Build.0 = Debug|Any CPU
		{7AC7E5E6-BFD5-4F8B-9031-9DCEE27541E4}.Debug|ARM.ActiveCfg = Debug|Any CPU
		{7AC7E5E6-BFD5-4F8B-9031-9DCEE27541E4}.Debug|ARM.Build.0 = Debug|Any CPU
		{7AC7E5E6-BFD5-4F8B-9031-9DCEE27541E4}.Debug|x64.ActiveCfg = Debug|Any CPU
		{7AC7E5E6-BFD5-4F8B-9031-9DCEE27541E4}.Debug|x64.Build.0 = Debug|Any CPU
		{7AC7E5E6-BFD5-4F8B-9031-9DCEE27541E4}.Debug|x86.ActiveCfg = Debug|Any CPU
		{7AC7E5E6-BFD5-4F8B-9031-9DCEE27541E4}.Debug|x86.Build.0 = Debug|Any CPU
		{7AC7E5E6-BFD5-4F8B-9031-9DCEE27541E4}.Release|Any CPU.ActiveCfg = Release|Any CPU
		{7AC7E5E6-BFD5-4F8B-9031-9DCEE27541E4}.Release|Any CPU.Build.0 = Release|Any CPU
		{7AC7E5E6-BFD5-4F8B-9031-9DCEE27541E4}.Release|ARM.ActiveCfg = Release|Any CPU
		{7AC7E5E6-BFD5-4F8B-9031-9DCEE27541E4}.Release|ARM.Build.0 = Release|Any CPU
		{7AC7E5E6-BFD5-4F8B-9031-9DCEE27541E4}.Release|x64.ActiveCfg = Release|Any CPU
		{7AC7E5E6-BFD5-4F8B-9031-9DCEE27541E4}.Release|x64.Build.0 = Release|Any CPU
		{7AC7E5E6-BFD5-4F8B-9031-9DCEE27541E4}.Release|x86.ActiveCfg = Release|Any CPU
		{7AC7E5E6-BFD5-4F8B-9031-9DCEE27541E4}.Release|x86.Build.0 = Release|Any CPU
		{DD929B45-7A88-4C6B-A49B-A649AB2DB6DF}.Debug|Any CPU.ActiveCfg = Debug|Any CPU
		{DD929B45-7A88-4C6B-A49B-A649AB2DB6DF}.Debug|Any CPU.Build.0 = Debug|Any CPU
		{DD929B45-7A88-4C6B-A49B-A649AB2DB6DF}.Debug|ARM.ActiveCfg = Debug|Any CPU
		{DD929B45-7A88-4C6B-A49B-A649AB2DB6DF}.Debug|ARM.Build.0 = Debug|Any CPU
		{DD929B45-7A88-4C6B-A49B-A649AB2DB6DF}.Debug|x64.ActiveCfg = Debug|Any CPU
		{DD929B45-7A88-4C6B-A49B-A649AB2DB6DF}.Debug|x64.Build.0 = Debug|Any CPU
		{DD929B45-7A88-4C6B-A49B-A649AB2DB6DF}.Debug|x86.ActiveCfg = Debug|Any CPU
		{DD929B45-7A88-4C6B-A49B-A649AB2DB6DF}.Debug|x86.Build.0 = Debug|Any CPU
		{DD929B45-7A88-4C6B-A49B-A649AB2DB6DF}.Release|Any CPU.ActiveCfg = Release|Any CPU
		{DD929B45-7A88-4C6B-A49B-A649AB2DB6DF}.Release|Any CPU.Build.0 = Release|Any CPU
		{DD929B45-7A88-4C6B-A49B-A649AB2DB6DF}.Release|ARM.ActiveCfg = Release|Any CPU
		{DD929B45-7A88-4C6B-A49B-A649AB2DB6DF}.Release|ARM.Build.0 = Release|Any CPU
		{DD929B45-7A88-4C6B-A49B-A649AB2DB6DF}.Release|x64.ActiveCfg = Release|Any CPU
		{DD929B45-7A88-4C6B-A49B-A649AB2DB6DF}.Release|x64.Build.0 = Release|Any CPU
		{DD929B45-7A88-4C6B-A49B-A649AB2DB6DF}.Release|x86.ActiveCfg = Release|Any CPU
		{DD929B45-7A88-4C6B-A49B-A649AB2DB6DF}.Release|x86.Build.0 = Release|Any CPU
		{2CA5211B-BD90-4F45-AC02-9FBD24061E24}.Debug|Any CPU.ActiveCfg = Debug|Any CPU
		{2CA5211B-BD90-4F45-AC02-9FBD24061E24}.Debug|Any CPU.Build.0 = Debug|Any CPU
		{2CA5211B-BD90-4F45-AC02-9FBD24061E24}.Debug|ARM.ActiveCfg = Debug|Any CPU
		{2CA5211B-BD90-4F45-AC02-9FBD24061E24}.Debug|ARM.Build.0 = Debug|Any CPU
		{2CA5211B-BD90-4F45-AC02-9FBD24061E24}.Debug|x64.ActiveCfg = Debug|Any CPU
		{2CA5211B-BD90-4F45-AC02-9FBD24061E24}.Debug|x64.Build.0 = Debug|Any CPU
		{2CA5211B-BD90-4F45-AC02-9FBD24061E24}.Debug|x86.ActiveCfg = Debug|Any CPU
		{2CA5211B-BD90-4F45-AC02-9FBD24061E24}.Debug|x86.Build.0 = Debug|Any CPU
		{2CA5211B-BD90-4F45-AC02-9FBD24061E24}.Release|Any CPU.ActiveCfg = Release|Any CPU
		{2CA5211B-BD90-4F45-AC02-9FBD24061E24}.Release|Any CPU.Build.0 = Release|Any CPU
		{2CA5211B-BD90-4F45-AC02-9FBD24061E24}.Release|ARM.ActiveCfg = Release|Any CPU
		{2CA5211B-BD90-4F45-AC02-9FBD24061E24}.Release|ARM.Build.0 = Release|Any CPU
		{2CA5211B-BD90-4F45-AC02-9FBD24061E24}.Release|x64.ActiveCfg = Release|Any CPU
		{2CA5211B-BD90-4F45-AC02-9FBD24061E24}.Release|x64.Build.0 = Release|Any CPU
		{2CA5211B-BD90-4F45-AC02-9FBD24061E24}.Release|x86.ActiveCfg = Release|Any CPU
		{2CA5211B-BD90-4F45-AC02-9FBD24061E24}.Release|x86.Build.0 = Release|Any CPU
		{482C1F74-9703-47D6-B748-3C806D247590}.Debug|Any CPU.ActiveCfg = Debug|Any CPU
		{482C1F74-9703-47D6-B748-3C806D247590}.Debug|Any CPU.Build.0 = Debug|Any CPU
		{482C1F74-9703-47D6-B748-3C806D247590}.Debug|ARM.ActiveCfg = Debug|Any CPU
		{482C1F74-9703-47D6-B748-3C806D247590}.Debug|ARM.Build.0 = Debug|Any CPU
		{482C1F74-9703-47D6-B748-3C806D247590}.Debug|x64.ActiveCfg = Debug|Any CPU
		{482C1F74-9703-47D6-B748-3C806D247590}.Debug|x64.Build.0 = Debug|Any CPU
		{482C1F74-9703-47D6-B748-3C806D247590}.Debug|x86.ActiveCfg = Debug|Any CPU
		{482C1F74-9703-47D6-B748-3C806D247590}.Debug|x86.Build.0 = Debug|Any CPU
		{482C1F74-9703-47D6-B748-3C806D247590}.Release|Any CPU.ActiveCfg = Release|Any CPU
		{482C1F74-9703-47D6-B748-3C806D247590}.Release|Any CPU.Build.0 = Release|Any CPU
		{482C1F74-9703-47D6-B748-3C806D247590}.Release|ARM.ActiveCfg = Release|Any CPU
		{482C1F74-9703-47D6-B748-3C806D247590}.Release|ARM.Build.0 = Release|Any CPU
		{482C1F74-9703-47D6-B748-3C806D247590}.Release|x64.ActiveCfg = Release|Any CPU
		{482C1F74-9703-47D6-B748-3C806D247590}.Release|x64.Build.0 = Release|Any CPU
		{482C1F74-9703-47D6-B748-3C806D247590}.Release|x86.ActiveCfg = Release|Any CPU
		{482C1F74-9703-47D6-B748-3C806D247590}.Release|x86.Build.0 = Release|Any CPU
		{68225082-8E1E-497B-B20F-4A0E747CE180}.Debug|Any CPU.ActiveCfg = Debug|Any CPU
		{68225082-8E1E-497B-B20F-4A0E747CE180}.Debug|Any CPU.Build.0 = Debug|Any CPU
		{68225082-8E1E-497B-B20F-4A0E747CE180}.Debug|ARM.ActiveCfg = Debug|Any CPU
		{68225082-8E1E-497B-B20F-4A0E747CE180}.Debug|ARM.Build.0 = Debug|Any CPU
		{68225082-8E1E-497B-B20F-4A0E747CE180}.Debug|x64.ActiveCfg = Debug|Any CPU
		{68225082-8E1E-497B-B20F-4A0E747CE180}.Debug|x64.Build.0 = Debug|Any CPU
		{68225082-8E1E-497B-B20F-4A0E747CE180}.Debug|x86.ActiveCfg = Debug|Any CPU
		{68225082-8E1E-497B-B20F-4A0E747CE180}.Debug|x86.Build.0 = Debug|Any CPU
		{68225082-8E1E-497B-B20F-4A0E747CE180}.Release|Any CPU.ActiveCfg = Release|Any CPU
		{68225082-8E1E-497B-B20F-4A0E747CE180}.Release|Any CPU.Build.0 = Release|Any CPU
		{68225082-8E1E-497B-B20F-4A0E747CE180}.Release|ARM.ActiveCfg = Release|Any CPU
		{68225082-8E1E-497B-B20F-4A0E747CE180}.Release|ARM.Build.0 = Release|Any CPU
		{68225082-8E1E-497B-B20F-4A0E747CE180}.Release|x64.ActiveCfg = Release|Any CPU
		{68225082-8E1E-497B-B20F-4A0E747CE180}.Release|x64.Build.0 = Release|Any CPU
		{68225082-8E1E-497B-B20F-4A0E747CE180}.Release|x86.ActiveCfg = Release|Any CPU
		{68225082-8E1E-497B-B20F-4A0E747CE180}.Release|x86.Build.0 = Release|Any CPU
		{4667452E-9FC9-49E7-9AA1-BB02173B3032}.Debug|Any CPU.ActiveCfg = Debug|Any CPU
		{4667452E-9FC9-49E7-9AA1-BB02173B3032}.Debug|Any CPU.Build.0 = Debug|Any CPU
		{4667452E-9FC9-49E7-9AA1-BB02173B3032}.Debug|ARM.ActiveCfg = Debug|Any CPU
		{4667452E-9FC9-49E7-9AA1-BB02173B3032}.Debug|ARM.Build.0 = Debug|Any CPU
		{4667452E-9FC9-49E7-9AA1-BB02173B3032}.Debug|x64.ActiveCfg = Debug|Any CPU
		{4667452E-9FC9-49E7-9AA1-BB02173B3032}.Debug|x64.Build.0 = Debug|Any CPU
		{4667452E-9FC9-49E7-9AA1-BB02173B3032}.Debug|x86.ActiveCfg = Debug|Any CPU
		{4667452E-9FC9-49E7-9AA1-BB02173B3032}.Debug|x86.Build.0 = Debug|Any CPU
		{4667452E-9FC9-49E7-9AA1-BB02173B3032}.Release|Any CPU.ActiveCfg = Release|Any CPU
		{4667452E-9FC9-49E7-9AA1-BB02173B3032}.Release|Any CPU.Build.0 = Release|Any CPU
		{4667452E-9FC9-49E7-9AA1-BB02173B3032}.Release|ARM.ActiveCfg = Release|Any CPU
		{4667452E-9FC9-49E7-9AA1-BB02173B3032}.Release|ARM.Build.0 = Release|Any CPU
		{4667452E-9FC9-49E7-9AA1-BB02173B3032}.Release|x64.ActiveCfg = Release|Any CPU
		{4667452E-9FC9-49E7-9AA1-BB02173B3032}.Release|x64.Build.0 = Release|Any CPU
		{4667452E-9FC9-49E7-9AA1-BB02173B3032}.Release|x86.ActiveCfg = Release|Any CPU
		{4667452E-9FC9-49E7-9AA1-BB02173B3032}.Release|x86.Build.0 = Release|Any CPU
	EndGlobalSection
	GlobalSection(SolutionProperties) = preSolution
		HideSolutionNode = FALSE
	EndGlobalSection
EndGlobal
